// !$*UTF8*$!
{
	archiveVersion = 1;
	classes = {
	};
	objectVersion = 77;
	objects = {

/* Begin PBXBuildFile section */
		05B0F3DA70B805863606C22E /* Pods_TerraVia.framework in Frameworks */ = {isa = PBXBuildFile; fileRef = D7044269587B0956319CE237 /* Pods_TerraVia.framework */; };
		C3655A331AEB7C4E8F9124E9 /* Pods_TerraViaTests.framework in Frameworks */ = {isa = PBXBuildFile; fileRef = 204868F1F1611EB7CEAFF9B3 /* Pods_TerraViaTests.framework */; };
		D33CC3AA2DA01088A245CC59 /* Pods_TerraVia_TerraViaUITests.framework in Frameworks */ = {isa = PBXBuildFile; fileRef = AB474E935C1D40F5F3167126 /* Pods_TerraVia_TerraViaUITests.framework */; };
/* End PBXBuildFile section */

/* Begin PBXContainerItemProxy section */
		ECFFB47B2DD2078400898BCB /* PBXContainerItemProxy */ = {
			isa = PBXContainerItemProxy;
			containerPortal = ECFFB4652DD2078400898BCB /* Project object */;
			proxyType = 1;
			remoteGlobalIDString = ECFFB46C2DD2078400898BCB;
			remoteInfo = TerraVia;
		};
		ECFFB4852DD2078400898BCB /* PBXContainerItemProxy */ = {
			isa = PBXContainerItemProxy;
			containerPortal = ECFFB4652DD2078400898BCB /* Project object */;
			proxyType = 1;
			remoteGlobalIDString = ECFFB46C2DD2078400898BCB;
			remoteInfo = TerraVia;
		};
/* End PBXContainerItemProxy section */

/* Begin PBXFileReference section */
		19EAF2FDDADFEBD8FE312285 /* Pods-TerraVia-TerraViaUITests.staging.xcconfig */ = {isa = PBXFileReference; includeInIndex = 1; lastKnownFileType = text.xcconfig; name = "Pods-TerraVia-TerraViaUITests.staging.xcconfig"; path = "Target Support Files/Pods-TerraVia-TerraViaUITests/Pods-TerraVia-TerraViaUITests.staging.xcconfig"; sourceTree = "<group>"; };
		204868F1F1611EB7CEAFF9B3 /* Pods_TerraViaTests.framework */ = {isa = PBXFileReference; explicitFileType = wrapper.framework; includeInIndex = 0; path = Pods_TerraViaTests.framework; sourceTree = BUILT_PRODUCTS_DIR; };
		4618188A1AE11F6528CC1BE8 /* Pods-TerraVia.staging.xcconfig */ = {isa = PBXFileReference; includeInIndex = 1; lastKnownFileType = text.xcconfig; name = "Pods-TerraVia.staging.xcconfig"; path = "Target Support Files/Pods-TerraVia/Pods-TerraVia.staging.xcconfig"; sourceTree = "<group>"; };
		6875123F112A4EF68535D80F /* Pods-TerraVia.production.xcconfig */ = {isa = PBXFileReference; includeInIndex = 1; lastKnownFileType = text.xcconfig; name = "Pods-TerraVia.production.xcconfig"; path = "Target Support Files/Pods-TerraVia/Pods-TerraVia.production.xcconfig"; sourceTree = "<group>"; };
		6B134C946337D72ED8F7C5E5 /* Pods-TerraViaTests.staging.xcconfig */ = {isa = PBXFileReference; includeInIndex = 1; lastKnownFileType = text.xcconfig; name = "Pods-TerraViaTests.staging.xcconfig"; path = "Target Support Files/Pods-TerraViaTests/Pods-TerraViaTests.staging.xcconfig"; sourceTree = "<group>"; };
		8AB96B313DBAE2A4F6500584 /* Pods-TerraVia.debug.xcconfig */ = {isa = PBXFileReference; includeInIndex = 1; lastKnownFileType = text.xcconfig; name = "Pods-TerraVia.debug.xcconfig"; path = "Target Support Files/Pods-TerraVia/Pods-TerraVia.debug.xcconfig"; sourceTree = "<group>"; };
		8DEE5FAAC58190368E8CEB1E /* Pods-TerraVia.release.xcconfig */ = {isa = PBXFileReference; includeInIndex = 1; lastKnownFileType = text.xcconfig; name = "Pods-TerraVia.release.xcconfig"; path = "Target Support Files/Pods-TerraVia/Pods-TerraVia.release.xcconfig"; sourceTree = "<group>"; };
		8F52358154199B66FCD394D2 /* Pods-TerraVia-TerraViaUITests.development.xcconfig */ = {isa = PBXFileReference; includeInIndex = 1; lastKnownFileType = text.xcconfig; name = "Pods-TerraVia-TerraViaUITests.development.xcconfig"; path = "Target Support Files/Pods-TerraVia-TerraViaUITests/Pods-TerraVia-TerraViaUITests.development.xcconfig"; sourceTree = "<group>"; };
		A2F95D5801F94CEAAA988EEF /* Pods-TerraVia-TerraViaUITests.release.xcconfig */ = {isa = PBXFileReference; includeInIndex = 1; lastKnownFileType = text.xcconfig; name = "Pods-TerraVia-TerraViaUITests.release.xcconfig"; path = "Target Support Files/Pods-TerraVia-TerraViaUITests/Pods-TerraVia-TerraViaUITests.release.xcconfig"; sourceTree = "<group>"; };
		AB474E935C1D40F5F3167126 /* Pods_TerraVia_TerraViaUITests.framework */ = {isa = PBXFileReference; explicitFileType = wrapper.framework; includeInIndex = 0; path = Pods_TerraVia_TerraViaUITests.framework; sourceTree = BUILT_PRODUCTS_DIR; };
		BF6C4A4E949E6E02C9397F36 /* Pods-TerraVia-TerraViaUITests.debug.xcconfig */ = {isa = PBXFileReference; includeInIndex = 1; lastKnownFileType = text.xcconfig; name = "Pods-TerraVia-TerraViaUITests.debug.xcconfig"; path = "Target Support Files/Pods-TerraVia-TerraViaUITests/Pods-TerraVia-TerraViaUITests.debug.xcconfig"; sourceTree = "<group>"; };
		C6858C01B867AAEA00FF24BA /* Pods-TerraViaTests.debug.xcconfig */ = {isa = PBXFileReference; includeInIndex = 1; lastKnownFileType = text.xcconfig; name = "Pods-TerraViaTests.debug.xcconfig"; path = "Target Support Files/Pods-TerraViaTests/Pods-TerraViaTests.debug.xcconfig"; sourceTree = "<group>"; };
		CBF7A23F70920FC8B5CF228D /* Pods-TerraVia.development.xcconfig */ = {isa = PBXFileReference; includeInIndex = 1; lastKnownFileType = text.xcconfig; name = "Pods-TerraVia.development.xcconfig"; path = "Target Support Files/Pods-TerraVia/Pods-TerraVia.development.xcconfig"; sourceTree = "<group>"; };
		CED6F727AECC18C95DED9244 /* Pods-TerraViaTests.release.xcconfig */ = {isa = PBXFileReference; includeInIndex = 1; lastKnownFileType = text.xcconfig; name = "Pods-TerraViaTests.release.xcconfig"; path = "Target Support Files/Pods-TerraViaTests/Pods-TerraViaTests.release.xcconfig"; sourceTree = "<group>"; };
		D689A1781A54283C0DCAB4A5 /* Pods-TerraViaTests.development.xcconfig */ = {isa = PBXFileReference; includeInIndex = 1; lastKnownFileType = text.xcconfig; name = "Pods-TerraViaTests.development.xcconfig"; path = "Target Support Files/Pods-TerraViaTests/Pods-TerraViaTests.development.xcconfig"; sourceTree = "<group>"; };
		D7044269587B0956319CE237 /* Pods_TerraVia.framework */ = {isa = PBXFileReference; explicitFileType = wrapper.framework; includeInIndex = 0; path = Pods_TerraVia.framework; sourceTree = BUILT_PRODUCTS_DIR; };
		ECFFB46D2DD2078400898BCB /* TerraVia.app */ = {isa = PBXFileReference; explicitFileType = wrapper.application; includeInIndex = 0; path = TerraVia.app; sourceTree = BUILT_PRODUCTS_DIR; };
		ECFFB47A2DD2078400898BCB /* TerraViaTests.xctest */ = {isa = PBXFileReference; explicitFileType = wrapper.cfbundle; includeInIndex = 0; path = TerraViaTests.xctest; sourceTree = BUILT_PRODUCTS_DIR; };
		ECFFB4842DD2078400898BCB /* TerraViaUITests.xctest */ = {isa = PBXFileReference; explicitFileType = wrapper.cfbundle; includeInIndex = 0; path = TerraViaUITests.xctest; sourceTree = BUILT_PRODUCTS_DIR; };
		F3F69D8C5831636DAF3121D0 /* Pods-TerraViaTests.production.xcconfig */ = {isa = PBXFileReference; includeInIndex = 1; lastKnownFileType = text.xcconfig; name = "Pods-TerraViaTests.production.xcconfig"; path = "Target Support Files/Pods-TerraViaTests/Pods-TerraViaTests.production.xcconfig"; sourceTree = "<group>"; };
		F82356DBFAD02749C36C4462 /* Pods-TerraVia-TerraViaUITests.production.xcconfig */ = {isa = PBXFileReference; includeInIndex = 1; lastKnownFileType = text.xcconfig; name = "Pods-TerraVia-TerraViaUITests.production.xcconfig"; path = "Target Support Files/Pods-TerraVia-TerraViaUITests/Pods-TerraVia-TerraViaUITests.production.xcconfig"; sourceTree = "<group>"; };
/* End PBXFileReference section */

/* Begin PBXFileSystemSynchronizedRootGroup section */
		ECFFB46F2DD2078400898BCB /* TerraVia */ = {
			isa = PBXFileSystemSynchronizedRootGroup;
			path = TerraVia;
			sourceTree = "<group>";
		};
		ECFFB47D2DD2078400898BCB /* TerraViaTests */ = {
			isa = PBXFileSystemSynchronizedRootGroup;
			path = TerraViaTests;
			sourceTree = "<group>";
		};
		ECFFB4872DD2078400898BCB /* TerraViaUITests */ = {
			isa = PBXFileSystemSynchronizedRootGroup;
			path = TerraViaUITests;
			sourceTree = "<group>";
		};
/* End PBXFileSystemSynchronizedRootGroup section */

/* Begin PBXFrameworksBuildPhase section */
		ECFFB46A2DD2078400898BCB /* Frameworks */ = {
			isa = PBXFrameworksBuildPhase;
			buildActionMask = 2147483647;
			files = (
				05B0F3DA70B805863606C22E /* Pods_TerraVia.framework in Frameworks */,
			);
			runOnlyForDeploymentPostprocessing = 0;
		};
		ECFFB4772DD2078400898BCB /* Frameworks */ = {
			isa = PBXFrameworksBuildPhase;
			buildActionMask = 2147483647;
			files = (
				C3655A331AEB7C4E8F9124E9 /* Pods_TerraViaTests.framework in Frameworks */,
			);
			runOnlyForDeploymentPostprocessing = 0;
		};
		ECFFB4812DD2078400898BCB /* Frameworks */ = {
			isa = PBXFrameworksBuildPhase;
			buildActionMask = 2147483647;
			files = (
				D33CC3AA2DA01088A245CC59 /* Pods_TerraVia_TerraViaUITests.framework in Frameworks */,
			);
			runOnlyForDeploymentPostprocessing = 0;
		};
/* End PBXFrameworksBuildPhase section */

/* Begin PBXGroup section */
		5199CAA7F168BB43926850EA /* Frameworks */ = {
			isa = PBXGroup;
			children = (
				D7044269587B0956319CE237 /* Pods_TerraVia.framework */,
				AB474E935C1D40F5F3167126 /* Pods_TerraVia_TerraViaUITests.framework */,
				204868F1F1611EB7CEAFF9B3 /* Pods_TerraViaTests.framework */,
			);
			name = Frameworks;
			sourceTree = "<group>";
		};
		A0DFC29A880CD688AA92932D /* Pods */ = {
			isa = PBXGroup;
			children = (
				8AB96B313DBAE2A4F6500584 /* Pods-TerraVia.debug.xcconfig */,
				8DEE5FAAC58190368E8CEB1E /* Pods-TerraVia.release.xcconfig */,
				BF6C4A4E949E6E02C9397F36 /* Pods-TerraVia-TerraViaUITests.debug.xcconfig */,
				A2F95D5801F94CEAAA988EEF /* Pods-TerraVia-TerraViaUITests.release.xcconfig */,
				C6858C01B867AAEA00FF24BA /* Pods-TerraViaTests.debug.xcconfig */,
				CED6F727AECC18C95DED9244 /* Pods-TerraViaTests.release.xcconfig */,
				CBF7A23F70920FC8B5CF228D /* Pods-TerraVia.development.xcconfig */,
				4618188A1AE11F6528CC1BE8 /* Pods-TerraVia.staging.xcconfig */,
				6875123F112A4EF68535D80F /* Pods-TerraVia.production.xcconfig */,
				8F52358154199B66FCD394D2 /* Pods-TerraVia-TerraViaUITests.development.xcconfig */,
				19EAF2FDDADFEBD8FE312285 /* Pods-TerraVia-TerraViaUITests.staging.xcconfig */,
				F82356DBFAD02749C36C4462 /* Pods-TerraVia-TerraViaUITests.production.xcconfig */,
				D689A1781A54283C0DCAB4A5 /* Pods-TerraViaTests.development.xcconfig */,
				6B134C946337D72ED8F7C5E5 /* Pods-TerraViaTests.staging.xcconfig */,
				F3F69D8C5831636DAF3121D0 /* Pods-TerraViaTests.production.xcconfig */,
			);
			path = Pods;
			sourceTree = "<group>";
		};
		ECFFB4642DD2078400898BCB = {
			isa = PBXGroup;
			children = (
				ECFFB46F2DD2078400898BCB /* TerraVia */,
				ECFFB47D2DD2078400898BCB /* TerraViaTests */,
				ECFFB4872DD2078400898BCB /* TerraViaUITests */,
				ECFFB46E2DD2078400898BCB /* Products */,
				A0DFC29A880CD688AA92932D /* Pods */,
				5199CAA7F168BB43926850EA /* Frameworks */,
			);
			sourceTree = "<group>";
		};
		ECFFB46E2DD2078400898BCB /* Products */ = {
			isa = PBXGroup;
			children = (
				ECFFB46D2DD2078400898BCB /* TerraVia.app */,
				ECFFB47A2DD2078400898BCB /* TerraViaTests.xctest */,
				ECFFB4842DD2078400898BCB /* TerraViaUITests.xctest */,
			);
			name = Products;
			sourceTree = "<group>";
		};
/* End PBXGroup section */

/* Begin PBXNativeTarget section */
		ECFFB46C2DD2078400898BCB /* TerraVia */ = {
			isa = PBXNativeTarget;
			buildConfigurationList = ECFFB48E2DD2078400898BCB /* Build configuration list for PBXNativeTarget "TerraVia" */;
			buildPhases = (
				D5CD0B1A707C5313346C71E8 /* [CP] Check Pods Manifest.lock */,
				ECFFB4692DD2078400898BCB /* Sources */,
				ECFFB46A2DD2078400898BCB /* Frameworks */,
				ECFFB46B2DD2078400898BCB /* Resources */,
				446302F86DF090CE5D662952 /* [CP] Embed Pods Frameworks */,
			);
			buildRules = (
			);
			dependencies = (
			);
			fileSystemSynchronizedGroups = (
				ECFFB46F2DD2078400898BCB /* TerraVia */,
			);
			name = TerraVia;
			productName = TerraVia;
			productReference = ECFFB46D2DD2078400898BCB /* TerraVia.app */;
			productType = "com.apple.product-type.application";
		};
		ECFFB4792DD2078400898BCB /* TerraViaTests */ = {
			isa = PBXNativeTarget;
			buildConfigurationList = ECFFB4912DD2078400898BCB /* Build configuration list for PBXNativeTarget "TerraViaTests" */;
			buildPhases = (
				13561927D218C887A49EEF4A /* [CP] Check Pods Manifest.lock */,
				ECFFB4762DD2078400898BCB /* Sources */,
				ECFFB4772DD2078400898BCB /* Frameworks */,
				ECFFB4782DD2078400898BCB /* Resources */,
			);
			buildRules = (
			);
			dependencies = (
				ECFFB47C2DD2078400898BCB /* PBXTargetDependency */,
			);
			fileSystemSynchronizedGroups = (
				ECFFB47D2DD2078400898BCB /* TerraViaTests */,
			);
			name = TerraViaTests;
			productName = TerraViaTests;
			productReference = ECFFB47A2DD2078400898BCB /* TerraViaTests.xctest */;
			productType = "com.apple.product-type.bundle.unit-test";
		};
		ECFFB4832DD2078400898BCB /* TerraViaUITests */ = {
			isa = PBXNativeTarget;
			buildConfigurationList = ECFFB4942DD2078400898BCB /* Build configuration list for PBXNativeTarget "TerraViaUITests" */;
			buildPhases = (
				FCADB746F42898C9FC9419CB /* [CP] Check Pods Manifest.lock */,
				ECFFB4802DD2078400898BCB /* Sources */,
				ECFFB4812DD2078400898BCB /* Frameworks */,
				ECFFB4822DD2078400898BCB /* Resources */,
				B6821619D15001F76004A097 /* [CP] Embed Pods Frameworks */,
			);
			buildRules = (
			);
			dependencies = (
				ECFFB4862DD2078400898BCB /* PBXTargetDependency */,
			);
			fileSystemSynchronizedGroups = (
				ECFFB4872DD2078400898BCB /* TerraViaUITests */,
			);
			name = TerraViaUITests;
			productName = TerraViaUITests;
			productReference = ECFFB4842DD2078400898BCB /* TerraViaUITests.xctest */;
			productType = "com.apple.product-type.bundle.ui-testing";
		};
/* End PBXNativeTarget section */

/* Begin PBXProject section */
		ECFFB4652DD2078400898BCB /* Project object */ = {
			isa = PBXProject;
			attributes = {
				BuildIndependentTargetsInParallel = 1;
				LastSwiftUpdateCheck = 1630;
				LastUpgradeCheck = 1630;
				TargetAttributes = {
					ECFFB46C2DD2078400898BCB = {
						CreatedOnToolsVersion = 16.3;
					};
					ECFFB4792DD2078400898BCB = {
						CreatedOnToolsVersion = 16.3;
						TestTargetID = ECFFB46C2DD2078400898BCB;
					};
					ECFFB4832DD2078400898BCB = {
						CreatedOnToolsVersion = 16.3;
						TestTargetID = ECFFB46C2DD2078400898BCB;
					};
				};
			};
			buildConfigurationList = ECFFB4682DD2078400898BCB /* Build configuration list for PBXProject "TerraVia" */;
			developmentRegion = en;
			hasScannedForEncodings = 0;
			knownRegions = (
				en,
				Base,
			);
			mainGroup = ECFFB4642DD2078400898BCB;
			minimizedProjectReferenceProxies = 1;
			preferredProjectObjectVersion = 77;
			productRefGroup = ECFFB46E2DD2078400898BCB /* Products */;
			projectDirPath = "";
			projectRoot = "";
			targets = (
				ECFFB46C2DD2078400898BCB /* TerraVia */,
				ECFFB4792DD2078400898BCB /* TerraViaTests */,
				ECFFB4832DD2078400898BCB /* TerraViaUITests */,
			);
		};
/* End PBXProject section */

/* Begin PBXResourcesBuildPhase section */
		ECFFB46B2DD2078400898BCB /* Resources */ = {
			isa = PBXResourcesBuildPhase;
			buildActionMask = 2147483647;
			files = (
			);
			runOnlyForDeploymentPostprocessing = 0;
		};
		ECFFB4782DD2078400898BCB /* Resources */ = {
			isa = PBXResourcesBuildPhase;
			buildActionMask = 2147483647;
			files = (
			);
			runOnlyForDeploymentPostprocessing = 0;
		};
		ECFFB4822DD2078400898BCB /* Resources */ = {
			isa = PBXResourcesBuildPhase;
			buildActionMask = 2147483647;
			files = (
			);
			runOnlyForDeploymentPostprocessing = 0;
		};
/* End PBXResourcesBuildPhase section */

/* Begin PBXShellScriptBuildPhase section */
		13561927D218C887A49EEF4A /* [CP] Check Pods Manifest.lock */ = {
			isa = PBXShellScriptBuildPhase;
			buildActionMask = 2147483647;
			files = (
			);
			inputFileListPaths = (
			);
			inputPaths = (
				"${PODS_PODFILE_DIR_PATH}/Podfile.lock",
				"${PODS_ROOT}/Manifest.lock",
			);
			name = "[CP] Check Pods Manifest.lock";
			outputFileListPaths = (
			);
			outputPaths = (
				"$(DERIVED_FILE_DIR)/Pods-TerraViaTests-checkManifestLockResult.txt",
			);
			runOnlyForDeploymentPostprocessing = 0;
			shellPath = /bin/sh;
			shellScript = "diff \"${PODS_PODFILE_DIR_PATH}/Podfile.lock\" \"${PODS_ROOT}/Manifest.lock\" > /dev/null\nif [ $? != 0 ] ; then\n    # print error to STDERR\n    echo \"error: The sandbox is not in sync with the Podfile.lock. Run 'pod install' or update your CocoaPods installation.\" >&2\n    exit 1\nfi\n# This output is used by Xcode 'outputs' to avoid re-running this script phase.\necho \"SUCCESS\" > \"${SCRIPT_OUTPUT_FILE_0}\"\n";
			showEnvVarsInLog = 0;
		};
		446302F86DF090CE5D662952 /* [CP] Embed Pods Frameworks */ = {
			isa = PBXShellScriptBuildPhase;
			buildActionMask = 2147483647;
			files = (
			);
			inputFileListPaths = (
				"${PODS_ROOT}/Target Support Files/Pods-TerraVia/Pods-TerraVia-frameworks-${CONFIGURATION}-input-files.xcfilelist",
			);
			inputPaths = (
			);
			name = "[CP] Embed Pods Frameworks";
			outputFileListPaths = (
				"${PODS_ROOT}/Target Support Files/Pods-TerraVia/Pods-TerraVia-frameworks-${CONFIGURATION}-output-files.xcfilelist",
			);
			outputPaths = (
			);
			runOnlyForDeploymentPostprocessing = 0;
			shellPath = /bin/sh;
			shellScript = "\"${PODS_ROOT}/Target Support Files/Pods-TerraVia/Pods-TerraVia-frameworks.sh\"\n";
			showEnvVarsInLog = 0;
		};
		B6821619D15001F76004A097 /* [CP] Embed Pods Frameworks */ = {
			isa = PBXShellScriptBuildPhase;
			buildActionMask = 2147483647;
			files = (
			);
			inputFileListPaths = (
				"${PODS_ROOT}/Target Support Files/Pods-TerraVia-TerraViaUITests/Pods-TerraVia-TerraViaUITests-frameworks-${CONFIGURATION}-input-files.xcfilelist",
			);
			inputPaths = (
			);
			name = "[CP] Embed Pods Frameworks";
			outputFileListPaths = (
				"${PODS_ROOT}/Target Support Files/Pods-TerraVia-TerraViaUITests/Pods-TerraVia-TerraViaUITests-frameworks-${CONFIGURATION}-output-files.xcfilelist",
			);
			outputPaths = (
			);
			runOnlyForDeploymentPostprocessing = 0;
			shellPath = /bin/sh;
			shellScript = "\"${PODS_ROOT}/Target Support Files/Pods-TerraVia-TerraViaUITests/Pods-TerraVia-TerraViaUITests-frameworks.sh\"\n";
			showEnvVarsInLog = 0;
		};
		D5CD0B1A707C5313346C71E8 /* [CP] Check Pods Manifest.lock */ = {
			isa = PBXShellScriptBuildPhase;
			buildActionMask = 2147483647;
			files = (
			);
			inputFileListPaths = (
			);
			inputPaths = (
				"${PODS_PODFILE_DIR_PATH}/Podfile.lock",
				"${PODS_ROOT}/Manifest.lock",
			);
			name = "[CP] Check Pods Manifest.lock";
			outputFileListPaths = (
			);
			outputPaths = (
				"$(DERIVED_FILE_DIR)/Pods-TerraVia-checkManifestLockResult.txt",
			);
			runOnlyForDeploymentPostprocessing = 0;
			shellPath = /bin/sh;
			shellScript = "diff \"${PODS_PODFILE_DIR_PATH}/Podfile.lock\" \"${PODS_ROOT}/Manifest.lock\" > /dev/null\nif [ $? != 0 ] ; then\n    # print error to STDERR\n    echo \"error: The sandbox is not in sync with the Podfile.lock. Run 'pod install' or update your CocoaPods installation.\" >&2\n    exit 1\nfi\n# This output is used by Xcode 'outputs' to avoid re-running this script phase.\necho \"SUCCESS\" > \"${SCRIPT_OUTPUT_FILE_0}\"\n";
			showEnvVarsInLog = 0;
		};
		FCADB746F42898C9FC9419CB /* [CP] Check Pods Manifest.lock */ = {
			isa = PBXShellScriptBuildPhase;
			buildActionMask = 2147483647;
			files = (
			);
			inputFileListPaths = (
			);
			inputPaths = (
				"${PODS_PODFILE_DIR_PATH}/Podfile.lock",
				"${PODS_ROOT}/Manifest.lock",
			);
			name = "[CP] Check Pods Manifest.lock";
			outputFileListPaths = (
			);
			outputPaths = (
				"$(DERIVED_FILE_DIR)/Pods-TerraVia-TerraViaUITests-checkManifestLockResult.txt",
			);
			runOnlyForDeploymentPostprocessing = 0;
			shellPath = /bin/sh;
			shellScript = "diff \"${PODS_PODFILE_DIR_PATH}/Podfile.lock\" \"${PODS_ROOT}/Manifest.lock\" > /dev/null\nif [ $? != 0 ] ; then\n    # print error to STDERR\n    echo \"error: The sandbox is not in sync with the Podfile.lock. Run 'pod install' or update your CocoaPods installation.\" >&2\n    exit 1\nfi\n# This output is used by Xcode 'outputs' to avoid re-running this script phase.\necho \"SUCCESS\" > \"${SCRIPT_OUTPUT_FILE_0}\"\n";
			showEnvVarsInLog = 0;
		};
/* End PBXShellScriptBuildPhase section */

/* Begin PBXSourcesBuildPhase section */
		ECFFB4692DD2078400898BCB /* Sources */ = {
			isa = PBXSourcesBuildPhase;
			buildActionMask = 2147483647;
			files = (
			);
			runOnlyForDeploymentPostprocessing = 0;
		};
		ECFFB4762DD2078400898BCB /* Sources */ = {
			isa = PBXSourcesBuildPhase;
			buildActionMask = 2147483647;
			files = (
			);
			runOnlyForDeploymentPostprocessing = 0;
		};
		ECFFB4802DD2078400898BCB /* Sources */ = {
			isa = PBXSourcesBuildPhase;
			buildActionMask = 2147483647;
			files = (
			);
			runOnlyForDeploymentPostprocessing = 0;
		};
/* End PBXSourcesBuildPhase section */

/* Begin PBXTargetDependency section */
		ECFFB47C2DD2078400898BCB /* PBXTargetDependency */ = {
			isa = PBXTargetDependency;
			target = ECFFB46C2DD2078400898BCB /* TerraVia */;
			targetProxy = ECFFB47B2DD2078400898BCB /* PBXContainerItemProxy */;
		};
		ECFFB4862DD2078400898BCB /* PBXTargetDependency */ = {
			isa = PBXTargetDependency;
			target = ECFFB46C2DD2078400898BCB /* TerraVia */;
			targetProxy = ECFFB4852DD2078400898BCB /* PBXContainerItemProxy */;
		};
/* End PBXTargetDependency section */

/* Begin XCBuildConfiguration section */
		ECF6833E2DD4BEB00073A22D /* Staging */ = {
			isa = XCBuildConfiguration;
			baseConfigurationReferenceAnchor = ECFFB46F2DD2078400898BCB /* TerraVia */;
			baseConfigurationReferenceRelativePath = Util/Config/Staging.xcconfig;
			buildSettings = {
				ALWAYS_SEARCH_USER_PATHS = NO;
				ASSETCATALOG_COMPILER_GENERATE_SWIFT_ASSET_SYMBOL_EXTENSIONS = YES;
				CLANG_ANALYZER_NONNULL = YES;
				CLANG_ANALYZER_NUMBER_OBJECT_CONVERSION = YES_AGGRESSIVE;
				CLANG_CXX_LANGUAGE_STANDARD = "gnu++20";
				CLANG_ENABLE_MODULES = YES;
				CLANG_ENABLE_OBJC_ARC = YES;
				CLANG_ENABLE_OBJC_WEAK = YES;
				CLANG_WARN_BLOCK_CAPTURE_AUTORELEASING = YES;
				CLANG_WARN_BOOL_CONVERSION = YES;
				CLANG_WARN_COMMA = YES;
				CLANG_WARN_CONSTANT_CONVERSION = YES;
				CLANG_WARN_DEPRECATED_OBJC_IMPLEMENTATIONS = YES;
				CLANG_WARN_DIRECT_OBJC_ISA_USAGE = YES_ERROR;
				CLANG_WARN_DOCUMENTATION_COMMENTS = YES;
				CLANG_WARN_EMPTY_BODY = YES;
				CLANG_WARN_ENUM_CONVERSION = YES;
				CLANG_WARN_INFINITE_RECURSION = YES;
				CLANG_WARN_INT_CONVERSION = YES;
				CLANG_WARN_NON_LITERAL_NULL_CONVERSION = YES;
				CLANG_WARN_OBJC_IMPLICIT_RETAIN_SELF = YES;
				CLANG_WARN_OBJC_LITERAL_CONVERSION = YES;
				CLANG_WARN_OBJC_ROOT_CLASS = YES_ERROR;
				CLANG_WARN_QUOTED_INCLUDE_IN_FRAMEWORK_HEADER = YES;
				CLANG_WARN_RANGE_LOOP_ANALYSIS = YES;
				CLANG_WARN_STRICT_PROTOTYPES = YES;
				CLANG_WARN_SUSPICIOUS_MOVE = YES;
				CLANG_WARN_UNGUARDED_AVAILABILITY = YES_AGGRESSIVE;
				CLANG_WARN_UNREACHABLE_CODE = YES;
				CLANG_WARN__DUPLICATE_METHOD_MATCH = YES;
				COPY_PHASE_STRIP = NO;
				DEBUG_INFORMATION_FORMAT = "dwarf-with-dsym";
				DEVELOPMENT_TEAM = M56PY7R6R5;
				ENABLE_NS_ASSERTIONS = NO;
				ENABLE_STRICT_OBJC_MSGSEND = YES;
				ENABLE_USER_SCRIPT_SANDBOXING = YES;
				GCC_C_LANGUAGE_STANDARD = gnu17;
				GCC_NO_COMMON_BLOCKS = YES;
				GCC_WARN_64_TO_32_BIT_CONVERSION = YES;
				GCC_WARN_ABOUT_RETURN_TYPE = YES_ERROR;
				GCC_WARN_UNDECLARED_SELECTOR = YES;
				GCC_WARN_UNINITIALIZED_AUTOS = YES_AGGRESSIVE;
				GCC_WARN_UNUSED_FUNCTION = YES;
				GCC_WARN_UNUSED_VARIABLE = YES;
				IPHONEOS_DEPLOYMENT_TARGET = 18.4;
				LOCALIZATION_PREFERS_STRING_CATALOGS = YES;
				MTL_ENABLE_DEBUG_INFO = NO;
				MTL_FAST_MATH = YES;
				SDKROOT = iphoneos;
				SWIFT_COMPILATION_MODE = wholemodule;
				VALIDATE_PRODUCT = YES;
			};
			name = Staging;
		};
		ECF6833F2DD4BEB00073A22D /* Staging */ = {
			isa = XCBuildConfiguration;
			baseConfigurationReference = 4618188A1AE11F6528CC1BE8 /* Pods-TerraVia.staging.xcconfig */;
			buildSettings = {
				ASSETCATALOG_COMPILER_APPICON_NAME = AppIcon;
				ASSETCATALOG_COMPILER_GLOBAL_ACCENT_COLOR_NAME = AccentColor;
				CODE_SIGN_STYLE = Automatic;
				CURRENT_PROJECT_VERSION = 1;
				DEVELOPMENT_TEAM = M56PY7R6R5;
				ENABLE_PREVIEWS = YES;
				GENERATE_INFOPLIST_FILE = YES;
				INFOPLIST_KEY_UIApplicationSceneManifest_Generation = YES;
				INFOPLIST_KEY_UIApplicationSupportsIndirectInputEvents = YES;
				INFOPLIST_KEY_UILaunchScreen_Generation = YES;
				INFOPLIST_KEY_UIStatusBarStyle = "";
				INFOPLIST_KEY_UISupportedInterfaceOrientations = UIInterfaceOrientationPortrait;
				INFOPLIST_KEY_UISupportedInterfaceOrientations_iPad = "UIInterfaceOrientationPortrait UIInterfaceOrientationPortraitUpsideDown";
				IPHONEOS_DEPLOYMENT_TARGET = 15.6;
				LD_RUNPATH_SEARCH_PATHS = (
					"$(inherited)",
					"@executable_path/Frameworks",
				);
				MARKETING_VERSION = 1.0;
				PRODUCT_BUNDLE_IDENTIFIER = com.merickeskin.TerraVia;
				PRODUCT_NAME = "$(TARGET_NAME)";
				SWIFT_EMIT_LOC_STRINGS = YES;
				SWIFT_VERSION = 5.0;
				TARGETED_DEVICE_FAMILY = "1,2";
			};
			name = Staging;
		};
		ECF683402DD4BEB00073A22D /* Staging */ = {
			isa = XCBuildConfiguration;
			baseConfigurationReference = 6B134C946337D72ED8F7C5E5 /* Pods-TerraViaTests.staging.xcconfig */;
			buildSettings = {
				BUNDLE_LOADER = "$(TEST_HOST)";
				CODE_SIGN_STYLE = Automatic;
				CURRENT_PROJECT_VERSION = 1;
				DEVELOPMENT_TEAM = M56PY7R6R5;
				GENERATE_INFOPLIST_FILE = YES;
				IPHONEOS_DEPLOYMENT_TARGET = 18.4;
				MARKETING_VERSION = 1.0;
				PRODUCT_BUNDLE_IDENTIFIER = com.merickeskin.TerraViaTests;
				PRODUCT_NAME = "$(TARGET_NAME)";
				SWIFT_EMIT_LOC_STRINGS = NO;
				SWIFT_VERSION = 5.0;
				TARGETED_DEVICE_FAMILY = "1,2";
				TEST_HOST = "$(BUILT_PRODUCTS_DIR)/TerraVia.app/$(BUNDLE_EXECUTABLE_FOLDER_PATH)/TerraVia";
			};
			name = Staging;
		};
		ECF683412DD4BEB00073A22D /* Staging */ = {
			isa = XCBuildConfiguration;
			baseConfigurationReference = 19EAF2FDDADFEBD8FE312285 /* Pods-TerraVia-TerraViaUITests.staging.xcconfig */;
			buildSettings = {
				CODE_SIGN_STYLE = Automatic;
				CURRENT_PROJECT_VERSION = 1;
				DEVELOPMENT_TEAM = M56PY7R6R5;
				GENERATE_INFOPLIST_FILE = YES;
				MARKETING_VERSION = 1.0;
				PRODUCT_BUNDLE_IDENTIFIER = com.merickeskin.TerraViaUITests;
				PRODUCT_NAME = "$(TARGET_NAME)";
				SWIFT_EMIT_LOC_STRINGS = NO;
				SWIFT_VERSION = 5.0;
				TARGETED_DEVICE_FAMILY = "1,2";
				TEST_TARGET_NAME = TerraVia;
			};
			name = Staging;
		};
		ECFFB48C2DD2078400898BCB /* Development */ = {
			isa = XCBuildConfiguration;
			baseConfigurationReferenceAnchor = ECFFB46F2DD2078400898BCB /* TerraVia */;
			baseConfigurationReferenceRelativePath = Util/Config/Development.xcconfig;
			buildSettings = {
				ALWAYS_SEARCH_USER_PATHS = NO;
				ASSETCATALOG_COMPILER_GENERATE_SWIFT_ASSET_SYMBOL_EXTENSIONS = YES;
				CLANG_ANALYZER_NONNULL = YES;
				CLANG_ANALYZER_NUMBER_OBJECT_CONVERSION = YES_AGGRESSIVE;
				CLANG_CXX_LANGUAGE_STANDARD = "gnu++20";
				CLANG_ENABLE_MODULES = YES;
				CLANG_ENABLE_OBJC_ARC = YES;
				CLANG_ENABLE_OBJC_WEAK = YES;
				CLANG_WARN_BLOCK_CAPTURE_AUTORELEASING = YES;
				CLANG_WARN_BOOL_CONVERSION = YES;
				CLANG_WARN_COMMA = YES;
				CLANG_WARN_CONSTANT_CONVERSION = YES;
				CLANG_WARN_DEPRECATED_OBJC_IMPLEMENTATIONS = YES;
				CLANG_WARN_DIRECT_OBJC_ISA_USAGE = YES_ERROR;
				CLANG_WARN_DOCUMENTATION_COMMENTS = YES;
				CLANG_WARN_EMPTY_BODY = YES;
				CLANG_WARN_ENUM_CONVERSION = YES;
				CLANG_WARN_INFINITE_RECURSION = YES;
				CLANG_WARN_INT_CONVERSION = YES;
				CLANG_WARN_NON_LITERAL_NULL_CONVERSION = YES;
				CLANG_WARN_OBJC_IMPLICIT_RETAIN_SELF = YES;
				CLANG_WARN_OBJC_LITERAL_CONVERSION = YES;
				CLANG_WARN_OBJC_ROOT_CLASS = YES_ERROR;
				CLANG_WARN_QUOTED_INCLUDE_IN_FRAMEWORK_HEADER = YES;
				CLANG_WARN_RANGE_LOOP_ANALYSIS = YES;
				CLANG_WARN_STRICT_PROTOTYPES = YES;
				CLANG_WARN_SUSPICIOUS_MOVE = YES;
				CLANG_WARN_UNGUARDED_AVAILABILITY = YES_AGGRESSIVE;
				CLANG_WARN_UNREACHABLE_CODE = YES;
				CLANG_WARN__DUPLICATE_METHOD_MATCH = YES;
				COPY_PHASE_STRIP = NO;
				DEBUG_INFORMATION_FORMAT = dwarf;
				DEVELOPMENT_TEAM = M56PY7R6R5;
				ENABLE_STRICT_OBJC_MSGSEND = YES;
				ENABLE_TESTABILITY = YES;
				ENABLE_USER_SCRIPT_SANDBOXING = YES;
				GCC_C_LANGUAGE_STANDARD = gnu17;
				GCC_DYNAMIC_NO_PIC = NO;
				GCC_NO_COMMON_BLOCKS = YES;
				GCC_OPTIMIZATION_LEVEL = 0;
				GCC_PREPROCESSOR_DEFINITIONS = (
					"DEBUG=1",
					"$(inherited)",
				);
				GCC_WARN_64_TO_32_BIT_CONVERSION = YES;
				GCC_WARN_ABOUT_RETURN_TYPE = YES_ERROR;
				GCC_WARN_UNDECLARED_SELECTOR = YES;
				GCC_WARN_UNINITIALIZED_AUTOS = YES_AGGRESSIVE;
				GCC_WARN_UNUSED_FUNCTION = YES;
				GCC_WARN_UNUSED_VARIABLE = YES;
				IPHONEOS_DEPLOYMENT_TARGET = 18.4;
				LOCALIZATION_PREFERS_STRING_CATALOGS = YES;
				MTL_ENABLE_DEBUG_INFO = INCLUDE_SOURCE;
				MTL_FAST_MATH = YES;
				ONLY_ACTIVE_ARCH = YES;
				SDKROOT = iphoneos;
				SWIFT_ACTIVE_COMPILATION_CONDITIONS = "DEBUG $(inherited)";
				SWIFT_OPTIMIZATION_LEVEL = "-Onone";
			};
			name = Development;
		};
		ECFFB48D2DD2078400898BCB /* Production */ = {
			isa = XCBuildConfiguration;
			baseConfigurationReferenceAnchor = ECFFB46F2DD2078400898BCB /* TerraVia */;
			baseConfigurationReferenceRelativePath = Util/Config/Production.xcconfig;
			buildSettings = {
				ALWAYS_SEARCH_USER_PATHS = NO;
				ASSETCATALOG_COMPILER_GENERATE_SWIFT_ASSET_SYMBOL_EXTENSIONS = YES;
				CLANG_ANALYZER_NONNULL = YES;
				CLANG_ANALYZER_NUMBER_OBJECT_CONVERSION = YES_AGGRESSIVE;
				CLANG_CXX_LANGUAGE_STANDARD = "gnu++20";
				CLANG_ENABLE_MODULES = YES;
				CLANG_ENABLE_OBJC_ARC = YES;
				CLANG_ENABLE_OBJC_WEAK = YES;
				CLANG_WARN_BLOCK_CAPTURE_AUTORELEASING = YES;
				CLANG_WARN_BOOL_CONVERSION = YES;
				CLANG_WARN_COMMA = YES;
				CLANG_WARN_CONSTANT_CONVERSION = YES;
				CLANG_WARN_DEPRECATED_OBJC_IMPLEMENTATIONS = YES;
				CLANG_WARN_DIRECT_OBJC_ISA_USAGE = YES_ERROR;
				CLANG_WARN_DOCUMENTATION_COMMENTS = YES;
				CLANG_WARN_EMPTY_BODY = YES;
				CLANG_WARN_ENUM_CONVERSION = YES;
				CLANG_WARN_INFINITE_RECURSION = YES;
				CLANG_WARN_INT_CONVERSION = YES;
				CLANG_WARN_NON_LITERAL_NULL_CONVERSION = YES;
				CLANG_WARN_OBJC_IMPLICIT_RETAIN_SELF = YES;
				CLANG_WARN_OBJC_LITERAL_CONVERSION = YES;
				CLANG_WARN_OBJC_ROOT_CLASS = YES_ERROR;
				CLANG_WARN_QUOTED_INCLUDE_IN_FRAMEWORK_HEADER = YES;
				CLANG_WARN_RANGE_LOOP_ANALYSIS = YES;
				CLANG_WARN_STRICT_PROTOTYPES = YES;
				CLANG_WARN_SUSPICIOUS_MOVE = YES;
				CLANG_WARN_UNGUARDED_AVAILABILITY = YES_AGGRESSIVE;
				CLANG_WARN_UNREACHABLE_CODE = YES;
				CLANG_WARN__DUPLICATE_METHOD_MATCH = YES;
				COPY_PHASE_STRIP = NO;
				DEBUG_INFORMATION_FORMAT = "dwarf-with-dsym";
				DEVELOPMENT_TEAM = M56PY7R6R5;
				ENABLE_NS_ASSERTIONS = NO;
				ENABLE_STRICT_OBJC_MSGSEND = YES;
				ENABLE_USER_SCRIPT_SANDBOXING = YES;
				GCC_C_LANGUAGE_STANDARD = gnu17;
				GCC_NO_COMMON_BLOCKS = YES;
				GCC_WARN_64_TO_32_BIT_CONVERSION = YES;
				GCC_WARN_ABOUT_RETURN_TYPE = YES_ERROR;
				GCC_WARN_UNDECLARED_SELECTOR = YES;
				GCC_WARN_UNINITIALIZED_AUTOS = YES_AGGRESSIVE;
				GCC_WARN_UNUSED_FUNCTION = YES;
				GCC_WARN_UNUSED_VARIABLE = YES;
				IPHONEOS_DEPLOYMENT_TARGET = 18.4;
				LOCALIZATION_PREFERS_STRING_CATALOGS = YES;
				MTL_ENABLE_DEBUG_INFO = NO;
				MTL_FAST_MATH = YES;
				SDKROOT = iphoneos;
				SWIFT_COMPILATION_MODE = wholemodule;
				VALIDATE_PRODUCT = YES;
			};
			name = Production;
		};
		ECFFB48F2DD2078400898BCB /* Development */ = {
			isa = XCBuildConfiguration;
			baseConfigurationReference = CBF7A23F70920FC8B5CF228D /* Pods-TerraVia.development.xcconfig */;
			buildSettings = {
				ASSETCATALOG_COMPILER_APPICON_NAME = AppIcon;
				ASSETCATALOG_COMPILER_GLOBAL_ACCENT_COLOR_NAME = AccentColor;
				CODE_SIGN_STYLE = Automatic;
				CURRENT_PROJECT_VERSION = 1;
				DEVELOPMENT_TEAM = M56PY7R6R5;
				ENABLE_PREVIEWS = YES;
				GENERATE_INFOPLIST_FILE = YES;
				INFOPLIST_KEY_UIApplicationSceneManifest_Generation = YES;
				INFOPLIST_KEY_UIApplicationSupportsIndirectInputEvents = YES;
				INFOPLIST_KEY_UILaunchScreen_Generation = YES;
				INFOPLIST_KEY_UIStatusBarStyle = "";
				INFOPLIST_KEY_UISupportedInterfaceOrientations = UIInterfaceOrientationPortrait;
				INFOPLIST_KEY_UISupportedInterfaceOrientations_iPad = "UIInterfaceOrientationPortrait UIInterfaceOrientationPortraitUpsideDown";
				IPHONEOS_DEPLOYMENT_TARGET = 15.6;
				LD_RUNPATH_SEARCH_PATHS = (
					"$(inherited)",
					"@executable_path/Frameworks",
				);
				MARKETING_VERSION = 1.0;
				PRODUCT_BUNDLE_IDENTIFIER = com.merickeskin.TerraVia;
				PRODUCT_NAME = "$(TARGET_NAME)";
				SWIFT_EMIT_LOC_STRINGS = YES;
				SWIFT_VERSION = 5.0;
				TARGETED_DEVICE_FAMILY = "1,2";
			};
			name = Development;
		};
		ECFFB4902DD2078400898BCB /* Production */ = {
			isa = XCBuildConfiguration;
			baseConfigurationReference = 6875123F112A4EF68535D80F /* Pods-TerraVia.production.xcconfig */;
			buildSettings = {
				ASSETCATALOG_COMPILER_APPICON_NAME = AppIcon;
				ASSETCATALOG_COMPILER_GLOBAL_ACCENT_COLOR_NAME = AccentColor;
				CODE_SIGN_STYLE = Automatic;
				CURRENT_PROJECT_VERSION = 1;
				DEVELOPMENT_TEAM = M56PY7R6R5;
				ENABLE_PREVIEWS = YES;
				GENERATE_INFOPLIST_FILE = YES;
				INFOPLIST_KEY_UIApplicationSceneManifest_Generation = YES;
				INFOPLIST_KEY_UIApplicationSupportsIndirectInputEvents = YES;
				INFOPLIST_KEY_UILaunchScreen_Generation = YES;
				INFOPLIST_KEY_UIStatusBarStyle = "";
				INFOPLIST_KEY_UISupportedInterfaceOrientations = UIInterfaceOrientationPortrait;
				INFOPLIST_KEY_UISupportedInterfaceOrientations_iPad = "UIInterfaceOrientationPortrait UIInterfaceOrientationPortraitUpsideDown";
				IPHONEOS_DEPLOYMENT_TARGET = 15.6;
				LD_RUNPATH_SEARCH_PATHS = (
					"$(inherited)",
					"@executable_path/Frameworks",
				);
				MARKETING_VERSION = 1.0;
				PRODUCT_BUNDLE_IDENTIFIER = com.merickeskin.TerraVia;
				PRODUCT_NAME = "$(TARGET_NAME)";
				SWIFT_EMIT_LOC_STRINGS = YES;
				SWIFT_VERSION = 5.0;
				TARGETED_DEVICE_FAMILY = "1,2";
			};
			name = Production;
		};
		ECFFB4922DD2078400898BCB /* Development */ = {
			isa = XCBuildConfiguration;
			baseConfigurationReference = D689A1781A54283C0DCAB4A5 /* Pods-TerraViaTests.development.xcconfig */;
			buildSettings = {
				BUNDLE_LOADER = "$(TEST_HOST)";
				CODE_SIGN_STYLE = Automatic;
				CURRENT_PROJECT_VERSION = 1;
				DEVELOPMENT_TEAM = M56PY7R6R5;
				GENERATE_INFOPLIST_FILE = YES;
				IPHONEOS_DEPLOYMENT_TARGET = 18.4;
				MARKETING_VERSION = 1.0;
				PRODUCT_BUNDLE_IDENTIFIER = com.merickeskin.TerraViaTests;
				PRODUCT_NAME = "$(TARGET_NAME)";
				SWIFT_EMIT_LOC_STRINGS = NO;
				SWIFT_VERSION = 5.0;
				TARGETED_DEVICE_FAMILY = "1,2";
				TEST_HOST = "$(BUILT_PRODUCTS_DIR)/TerraVia.app/$(BUNDLE_EXECUTABLE_FOLDER_PATH)/TerraVia";
			};
			name = Development;
		};
		ECFFB4932DD2078400898BCB /* Production */ = {
			isa = XCBuildConfiguration;
			baseConfigurationReference = F3F69D8C5831636DAF3121D0 /* Pods-TerraViaTests.production.xcconfig */;
			buildSettings = {
				BUNDLE_LOADER = "$(TEST_HOST)";
				CODE_SIGN_STYLE = Automatic;
				CURRENT_PROJECT_VERSION = 1;
				DEVELOPMENT_TEAM = M56PY7R6R5;
				GENERATE_INFOPLIST_FILE = YES;
				IPHONEOS_DEPLOYMENT_TARGET = 18.4;
				MARKETING_VERSION = 1.0;
				PRODUCT_BUNDLE_IDENTIFIER = com.merickeskin.TerraViaTests;
				PRODUCT_NAME = "$(TARGET_NAME)";
				SWIFT_EMIT_LOC_STRINGS = NO;
				SWIFT_VERSION = 5.0;
				TARGETED_DEVICE_FAMILY = "1,2";
				TEST_HOST = "$(BUILT_PRODUCTS_DIR)/TerraVia.app/$(BUNDLE_EXECUTABLE_FOLDER_PATH)/TerraVia";
			};
			name = Production;
		};
		ECFFB4952DD2078400898BCB /* Development */ = {
			isa = XCBuildConfiguration;
			baseConfigurationReference = 8F52358154199B66FCD394D2 /* Pods-TerraVia-TerraViaUITests.development.xcconfig */;
			buildSettings = {
				CODE_SIGN_STYLE = Automatic;
				CURRENT_PROJECT_VERSION = 1;
				DEVELOPMENT_TEAM = M56PY7R6R5;
				GENERATE_INFOPLIST_FILE = YES;
				MARKETING_VERSION = 1.0;
				PRODUCT_BUNDLE_IDENTIFIER = com.merickeskin.TerraViaUITests;
				PRODUCT_NAME = "$(TARGET_NAME)";
				SWIFT_EMIT_LOC_STRINGS = NO;
				SWIFT_VERSION = 5.0;
				TARGETED_DEVICE_FAMILY = "1,2";
				TEST_TARGET_NAME = TerraVia;
			};
			name = Development;
		};
		ECFFB4962DD2078400898BCB /* Production */ = {
			isa = XCBuildConfiguration;
			baseConfigurationReference = F82356DBFAD02749C36C4462 /* Pods-TerraVia-TerraViaUITests.production.xcconfig */;
			buildSettings = {
				CODE_SIGN_STYLE = Automatic;
				CURRENT_PROJECT_VERSION = 1;
				DEVELOPMENT_TEAM = M56PY7R6R5;
				GENERATE_INFOPLIST_FILE = YES;
				MARKETING_VERSION = 1.0;
				PRODUCT_BUNDLE_IDENTIFIER = com.merickeskin.TerraViaUITests;
				PRODUCT_NAME = "$(TARGET_NAME)";
				SWIFT_EMIT_LOC_STRINGS = NO;
				SWIFT_VERSION = 5.0;
				TARGETED_DEVICE_FAMILY = "1,2";
				TEST_TARGET_NAME = TerraVia;
			};
			name = Production;
		};
/* End XCBuildConfiguration section */

/* Begin XCConfigurationList section */
		ECFFB4682DD2078400898BCB /* Build configuration list for PBXProject "TerraVia" */ = {
			isa = XCConfigurationList;
			buildConfigurations = (
				ECFFB48C2DD2078400898BCB /* Development */,
				ECFFB48D2DD2078400898BCB /* Production */,
				ECF6833E2DD4BEB00073A22D /* Staging */,
			);
			defaultConfigurationIsVisible = 0;
			defaultConfigurationName = Production;
		};
		ECFFB48E2DD2078400898BCB /* Build configuration list for PBXNativeTarget "TerraVia" */ = {
			isa = XCConfigurationList;
			buildConfigurations = (
				ECFFB48F2DD2078400898BCB /* Development */,
				ECFFB4902DD2078400898BCB /* Production */,
				ECF6833F2DD4BEB00073A22D /* Staging */,
			);
			defaultConfigurationIsVisible = 0;
			defaultConfigurationName = Production;
		};
		ECFFB4912DD2078400898BCB /* Build configuration list for PBXNativeTarget "TerraViaTests" */ = {
			isa = XCConfigurationList;
			buildConfigurations = (
				ECFFB4922DD2078400898BCB /* Development */,
				ECFFB4932DD2078400898BCB /* Production */,
				ECF683402DD4BEB00073A22D /* Staging */,
			);
			defaultConfigurationIsVisible = 0;
			defaultConfigurationName = Production;
		};
		ECFFB4942DD2078400898BCB /* Build configuration list for PBXNativeTarget "TerraViaUITests" */ = {
			isa = XCConfigurationList;
			buildConfigurations = (
				ECFFB4952DD2078400898BCB /* Development */,
				ECFFB4962DD2078400898BCB /* Production */,
				ECF683412DD4BEB00073A22D /* Staging */,
			);
			defaultConfigurationIsVisible = 0;
			defaultConfigurationName = Production;
		};
/* End XCConfigurationList section */
	};
	rootObject = ECFFB4652DD2078400898BCB /* Project object */;
}
